PODS:
  - Alamofire (4.6.0)
  - Google-Mobile-Ads-SDK (7.30.0)

DEPENDENCIES:
  - Alamofire (~> 4.5)
  - Google-Mobile-Ads-SDK

SPEC CHECKSUMS:
  Alamofire: f41a599bd63041760b26d393ec1069d9d7b917f4
  Google-Mobile-Ads-SDK: 7404f68120ae8682afeb5af001fbf4aad731c78e

PODFILE CHECKSUM: 68706d5e171ac04b641231d2ede3c57b68ca2d55

COCOAPODS: 1.4.0
