// !$*UTF8*$!
{
	archiveVersion = 1;
	classes = {
	};
	objectVersion = 46;
	objects = {

/* Begin PBXBuildFile section */
		542E45D31FDC14E3006D52C9 /* AppDelegate.swift in Sources */ = {isa = PBXBuildFile; fileRef = 542E45D21FDC14E3006D52C9 /* AppDelegate.swift */; };
		542E45D51FDC14E3006D52C9 /* ViewController.swift in Sources */ = {isa = PBXBuildFile; fileRef = 542E45D41FDC14E3006D52C9 /* ViewController.swift */; };
		542E45D81FDC14E3006D52C9 /* Main.storyboard in Resources */ = {isa = PBXBuildFile; fileRef = 542E45D61FDC14E3006D52C9 /* Main.storyboard */; };
		542E45DB1FDC14E3006D52C9 /* CryptoSpace.xcdatamodeld in Sources */ = {isa = PBXBuildFile; fileRef = 542E45D91FDC14E3006D52C9 /* CryptoSpace.xcdatamodeld */; };
		542E45DD1FDC14E3006D52C9 /* Assets.xcassets in Resources */ = {isa = PBXBuildFile; fileRef = 542E45DC1FDC14E3006D52C9 /* Assets.xcassets */; };
		542E45E01FDC14E3006D52C9 /* LaunchScreen.storyboard in Resources */ = {isa = PBXBuildFile; fileRef = 542E45DE1FDC14E3006D52C9 /* LaunchScreen.storyboard */; };
/* End PBXBuildFile section */

/* Begin PBXFileReference section */
		542E45CF1FDC14E3006D52C9 /* CryptoSpace.app */ = {isa = PBXFileReference; explicitFileType = wrapper.application; includeInIndex = 0; path = CryptoSpace.app; sourceTree = BUILT_PRODUCTS_DIR; };
		542E45D21FDC14E3006D52C9 /* AppDelegate.swift */ = {isa = PBXFileReference; lastKnownFileType = sourcecode.swift; path = AppDelegate.swift; sourceTree = "<group>"; };
		542E45D41FDC14E3006D52C9 /* ViewController.swift */ = {isa = PBXFileReference; lastKnownFileType = sourcecode.swift; path = ViewController.swift; sourceTree = "<group>"; };
		542E45D71FDC14E3006D52C9 /* Base */ = {isa = PBXFileReference; lastKnownFileType = file.storyboard; name = Base; path = Base.lproj/Main.storyboard; sourceTree = "<group>"; };
		542E45DA1FDC14E3006D52C9 /* CryptoSpace.xcdatamodel */ = {isa = PBXFileReference; lastKnownFileType = wrapper.xcdatamodel; path = CryptoSpace.xcdatamodel; sourceTree = "<group>"; };
		542E45DC1FDC14E3006D52C9 /* Assets.xcassets */ = {isa = PBXFileReference; lastKnownFileType = folder.assetcatalog; path = Assets.xcassets; sourceTree = "<group>"; };
		542E45DF1FDC14E3006D52C9 /* Base */ = {isa = PBXFileReference; lastKnownFileType = file.storyboard; name = Base; path = Base.lproj/LaunchScreen.storyboard; sourceTree = "<group>"; };
		542E45E11FDC14E3006D52C9 /* Info.plist */ = {isa = PBXFileReference; lastKnownFileType = text.plist.xml; path = Info.plist; sourceTree = "<group>"; };
/* End PBXFileReference section */

/* Begin PBXFrameworksBuildPhase section */
		542E45CC1FDC14E3006D52C9 /* Frameworks */ = {
			isa = PBXFrameworksBuildPhase;
			buildActionMask = 2147483647;
			files = (
			);
			runOnlyForDeploymentPostprocessing = 0;
		};
/* End PBXFrameworksBuildPhase section */

/* Begin PBXGroup section */
		542E45C61FDC14E3006D52C9 = {
			isa = PBXGroup;
			children = (
				542E45D11FDC14E3006D52C9 /* CryptoSpace */,
				542E45D01FDC14E3006D52C9 /* Products */,
			);
			sourceTree = "<group>";
		};
		542E45D01FDC14E3006D52C9 /* Products */ = {
			isa = PBXGroup;
			children = (
				542E45CF1FDC14E3006D52C9 /* CryptoSpace.app */,
			);
			name = Products;
			sourceTree = "<group>";
		};
		542E45D11FDC14E3006D52C9 /* CryptoSpace */ = {
			isa = PBXGroup;
			children = (
				542E45D21FDC14E3006D52C9 /* AppDelegate.swift */,
				542E45D41FDC14E3006D52C9 /* ViewController.swift */,
				542E45D61FDC14E3006D52C9 /* Main.storyboard */,
				542E45DC1FDC14E3006D52C9 /* Assets.xcassets */,
				542E45DE1FDC14E3006D52C9 /* LaunchScreen.storyboard */,
				542E45E11FDC14E3006D52C9 /* Info.plist */,
				542E45D91FDC14E3006D52C9 /* CryptoSpace.xcdatamodeld */,
			);
			path = CryptoSpace;
			sourceTree = "<group>";
		};
/* End PBXGroup section */

/* Begin PBXNativeTarget section */
		542E45CE1FDC14E3006D52C9 /* CryptoSpace */ = {
			isa = PBXNativeTarget;
			buildConfigurationList = 542E45E41FDC14E3006D52C9 /* Build configuration list for PBXNativeTarget "CryptoSpace" */;
			buildPhases = (
				542E45CB1FDC14E3006D52C9 /* Sources */,
				542E45CC1FDC14E3006D52C9 /* Frameworks */,
				542E45CD1FDC14E3006D52C9 /* Resources */,
			);
			buildRules = (
			);
			dependencies = (
			);
			name = CryptoSpace;
			productName = CryptoSpace;
			productReference = 542E45CF1FDC14E3006D52C9 /* CryptoSpace.app */;
			productType = "com.apple.product-type.application";
		};
/* End PBXNativeTarget section */

/* Begin PBXProject section */
		542E45C71FDC14E3006D52C9 /* Project object */ = {
			isa = PBXProject;
			attributes = {
				LastSwiftUpdateCheck = 0830;
				LastUpgradeCheck = 0830;
				ORGANIZATIONNAME = Stefanov;
				TargetAttributes = {
					542E45CE1FDC14E3006D52C9 = {
						CreatedOnToolsVersion = 8.3.3;
						DevelopmentTeam = XU3BW4EJ52;
						ProvisioningStyle = Automatic;
					};
				};
			};
			buildConfigurationList = 542E45CA1FDC14E3006D52C9 /* Build configuration list for PBXProject "CryptoSpace" */;
			compatibilityVersion = "Xcode 3.2";
			developmentRegion = English;
			hasScannedForEncodings = 0;
			knownRegions = (
				en,
				Base,
			);
			mainGroup = 542E45C61FDC14E3006D52C9;
			productRefGroup = 542E45D01FDC14E3006D52C9 /* Products */;
			projectDirPath = "";
			projectRoot = "";
			targets = (
				542E45CE1FDC14E3006D52C9 /* CryptoSpace */,
			);
		};
/* End PBXProject section */

/* Begin PBXResourcesBuildPhase section */
		542E45CD1FDC14E3006D52C9 /* Resources */ = {
			isa = PBXResourcesBuildPhase;
			buildActionMask = 2147483647;
			files = (
				542E45E01FDC14E3006D52C9 /* LaunchScreen.storyboard in Resources */,
				542E45DD1FDC14E3006D52C9 /* Assets.xcassets in Resources */,
				542E45D81FDC14E3006D52C9 /* Main.storyboard in Resources */,
			);
			runOnlyForDeploymentPostprocessing = 0;
		};
/* End PBXResourcesBuildPhase section */

/* Begin PBXSourcesBuildPhase section */
		542E45CB1FDC14E3006D52C9 /* Sources */ = {
			isa = PBXSourcesBuildPhase;
			buildActionMask = 2147483647;
			files = (
				542E45DB1FDC14E3006D52C9 /* CryptoSpace.xcdatamodeld in Sources */,
				542E45D51FDC14E3006D52C9 /* ViewController.swift in Sources */,
				542E45D31FDC14E3006D52C9 /* AppDelegate.swift in Sources */,
			);
			runOnlyForDeploymentPostprocessing = 0;
		};
/* End PBXSourcesBuildPhase section */

/* Begin PBXVariantGroup section */
		542E45D61FDC14E3006D52C9 /* Main.storyboard */ = {
			isa = PBXVariantGroup;
			children = (
				542E45D71FDC14E3006D52C9 /* Base */,
			);
			name = Main.storyboard;
			sourceTree = "<group>";
		};
		542E45DE1FDC14E3006D52C9 /* LaunchScreen.storyboard */ = {
			isa = PBXVariantGroup;
			children = (
				542E45DF1FDC14E3006D52C9 /* Base */,
			);
			name = LaunchScreen.storyboard;
			sourceTree = "<group>";
		};
/* End PBXVariantGroup section */

/* Begin XCBuildConfiguration section */
		542E45E21FDC14E3006D52C9 /* Debug */ = {
			isa = XCBuildConfiguration;
			buildSettings = {
				ALWAYS_SEARCH_USER_PATHS = NO;
				CLANG_ANALYZER_NONNULL = YES;
				CLANG_ANALYZER_NUMBER_OBJECT_CONVERSION = YES_AGGRESSIVE;
				CLANG_CXX_LANGUAGE_STANDARD = "gnu++0x";
				CLANG_CXX_LIBRARY = "libc++";
				CLANG_ENABLE_MODULES = YES;
				CLANG_ENABLE_OBJC_ARC = YES;
				CLANG_WARN_BOOL_CONVERSION = YES;
				CLANG_WARN_CONSTANT_CONVERSION = YES;
				CLANG_WARN_DIRECT_OBJC_ISA_USAGE = YES_ERROR;
				CLANG_WARN_DOCUMENTATION_COMMENTS = YES;
				CLANG_WARN_EMPTY_BODY = YES;
				CLANG_WARN_ENUM_CONVERSION = YES;
				CLANG_WARN_INFINITE_RECURSION = YES;
				CLANG_WARN_INT_CONVERSION = YES;
				CLANG_WARN_OBJC_ROOT_CLASS = YES_ERROR;
				CLANG_WARN_SUSPICIOUS_MOVE = YES;
				CLANG_WARN_UNREACHABLE_CODE = YES;
				CLANG_WARN__DUPLICATE_METHOD_MATCH = YES;
				"CODE_SIGN_IDENTITY[sdk=iphoneos*]" = "iPhone Developer";
				COPY_PHASE_STRIP = NO;
				DEBUG_INFORMATION_FORMAT = dwarf;
				ENABLE_STRICT_OBJC_MSGSEND = YES;
				ENABLE_TESTABILITY = YES;
				GCC_C_LANGUAGE_STANDARD = gnu99;
				GCC_DYNAMIC_NO_PIC = NO;
				GCC_NO_COMMON_BLOCKS = YES;
				GCC_OPTIMIZATION_LEVEL = 0;
				GCC_PREPROCESSOR_DEFINITIONS = (
					"DEBUG=1",
					"$(inherited)",
				);
				GCC_WARN_64_TO_32_BIT_CONVERSION = YES;
				GCC_WARN_ABOUT_RETURN_TYPE = YES_ERROR;
				GCC_WARN_UNDECLARED_SELECTOR = YES;
				GCC_WARN_UNINITIALIZED_AUTOS = YES_AGGRESSIVE;
				GCC_WARN_UNUSED_FUNCTION = YES;
				GCC_WARN_UNUSED_VARIABLE = YES;
				IPHONEOS_DEPLOYMENT_TARGET = 10.3;
				MTL_ENABLE_DEBUG_INFO = YES;
				ONLY_ACTIVE_ARCH = YES;
				SDKROOT = iphoneos;
				SWIFT_ACTIVE_COMPILATION_CONDITIONS = DEBUG;
				SWIFT_OPTIMIZATION_LEVEL = "-Onone";
			};
			name = Debug;
		};
		542E45E31FDC14E3006D52C9 /* Release */ = {
			isa = XCBuildConfiguration;
			buildSettings = {
				ALWAYS_SEARCH_USER_PATHS = NO;
				CLANG_ANALYZER_NONNULL = YES;
				CLANG_ANALYZER_NUMBER_OBJECT_CONVERSION = YES_AGGRESSIVE;
				CLANG_CXX_LANGUAGE_STANDARD = "gnu++0x";
				CLANG_CXX_LIBRARY = "libc++";
				CLANG_ENABLE_MODULES = YES;
				CLANG_ENABLE_OBJC_ARC = YES;
				CLANG_WARN_BOOL_CONVERSION = YES;
				CLANG_WARN_CONSTANT_CONVERSION = YES;
				CLANG_WARN_DIRECT_OBJC_ISA_USAGE = YES_ERROR;
				CLANG_WARN_DOCUMENTATION_COMMENTS = YES;
				CLANG_WARN_EMPTY_BODY = YES;
				CLANG_WARN_ENUM_CONVERSION = YES;
				CLANG_WARN_INFINITE_RECURSION = YES;
				CLANG_WARN_INT_CONVERSION = YES;
				CLANG_WARN_OBJC_ROOT_CLASS = YES_ERROR;
				CLANG_WARN_SUSPICIOUS_MOVE = YES;
				CLANG_WARN_UNREACHABLE_CODE = YES;
				CLANG_WARN__DUPLICATE_METHOD_MATCH = YES;
				"CODE_SIGN_IDENTITY[sdk=iphoneos*]" = "iPhone Developer";
				COPY_PHASE_STRIP = NO;
				DEBUG_INFORMATION_FORMAT = "dwarf-with-dsym";
				ENABLE_NS_ASSERTIONS = NO;
				ENABLE_STRICT_OBJC_MSGSEND = YES;
				GCC_C_LANGUAGE_STANDARD = gnu99;
				GCC_NO_COMMON_BLOCKS = YES;
				GCC_WARN_64_TO_32_BIT_CONVERSION = YES;
				GCC_WARN_ABOUT_RETURN_TYPE = YES_ERROR;
				GCC_WARN_UNDECLARED_SELECTOR = YES;
				GCC_WARN_UNINITIALIZED_AUTOS = YES_AGGRESSIVE;
				GCC_WARN_UNUSED_FUNCTION = YES;
				GCC_WARN_UNUSED_VARIABLE = YES;
				IPHONEOS_DEPLOYMENT_TARGET = 10.3;
				MTL_ENABLE_DEBUG_INFO = NO;
				SDKROOT = iphoneos;
				SWIFT_OPTIMIZATION_LEVEL = "-Owholemodule";
				VALIDATE_PRODUCT = YES;
			};
			name = Release;
		};
		542E45E51FDC14E3006D52C9 /* Debug */ = {
			isa = XCBuildConfiguration;
			buildSettings = {
				ASSETCATALOG_COMPILER_APPICON_NAME = AppIcon;
				DEVELOPMENT_TEAM = XU3BW4EJ52;
				INFOPLIST_FILE = CryptoSpace/Info.plist;
				LD_RUNPATH_SEARCH_PATHS = "$(inherited) @executable_path/Frameworks";
				PRODUCT_BUNDLE_IDENTIFIER = com.stefanov.CryptoSpace;
				PRODUCT_NAME = "$(TARGET_NAME)";
				SWIFT_VERSION = 3.0;
			};
			name = Debug;
		};
		542E45E61FDC14E3006D52C9 /* Release */ = {
			isa = XCBuildConfiguration;
			buildSettings = {
				ASSETCATALOG_COMPILER_APPICON_NAME = AppIcon;
				DEVELOPMENT_TEAM = XU3BW4EJ52;
				INFOPLIST_FILE = CryptoSpace/Info.plist;
				LD_RUNPATH_SEARCH_PATHS = "$(inherited) @executable_path/Frameworks";
				PRODUCT_BUNDLE_IDENTIFIER = com.stefanov.CryptoSpace;
				PRODUCT_NAME = "$(TARGET_NAME)";
				SWIFT_VERSION = 3.0;
			};
			name = Release;
		};
/* End XCBuildConfiguration section */

/* Begin XCConfigurationList section */
		542E45CA1FDC14E3006D52C9 /* Build configuration list for PBXProject "CryptoSpace" */ = {
			isa = XCConfigurationList;
			buildConfigurations = (
				542E45E21FDC14E3006D52C9 /* Debug */,
				542E45E31FDC14E3006D52C9 /* Release */,
			);
			defaultConfigurationIsVisible = 0;
			defaultConfigurationName = Release;
		};
		542E45E41FDC14E3006D52C9 /* Build configuration list for PBXNativeTarget "CryptoSpace" */ = {
			isa = XCConfigurationList;
			buildConfigurations = (
				542E45E51FDC14E3006D52C9 /* Debug */,
				542E45E61FDC14E3006D52C9 /* Release */,
			);
			defaultConfigurationIsVisible = 0;
		};
/* End XCConfigurationList section */

/* Begin XCVersionGroup section */
		542E45D91FDC14E3006D52C9 /* CryptoSpace.xcdatamodeld */ = {
			isa = XCVersionGroup;
			children = (
				542E45DA1FDC14E3006D52C9 /* CryptoSpace.xcdatamodel */,
			);
			currentVersion = 542E45DA1FDC14E3006D52C9 /* CryptoSpace.xcdatamodel */;
			path = CryptoSpace.xcdatamodeld;
			sourceTree = "<group>";
			versionGroupType = wrapper.xcdatamodel;
		};
/* End XCVersionGroup section */
	};
	rootObject = 542E45C71FDC14E3006D52C9 /* Project object */;
}
